{
  "name": "Typescript The Complete Developer's Guide (Udemy)",
  "lockfileVersion": 3,
  "requires": true,
  "packages": {
    "": {
      "dependencies": {
        "@types/google.maps": "^3.55.12"
      }
    },
    "node_modules/@types/google.maps": {
      "version": "3.55.12",
      "resolved": "https://registry.npmjs.org/@types/google.maps/-/google.maps-3.55.12.tgz",
      "integrity": "sha512-Q8MsLE+YYIrE1H8wdN69YHHAF8h7ApvF5MiMXh/zeCpP9Ut745mV9M0F4X4eobZ2WJe9k8tW2ryYjLa87IO2Sg=="
    }
  }
}
